
Microsoft Visual Studio Solution File, Format Version 12.00
# Visual Studio Version 16
VisualStudioVersion = 16.0.30517.126
MinimumVisualStudioVersion = 10.0.40219.1
Project("{FAE04EC0-301F-11D3-BF4B-00C04F79EFBC}") = "BifuricationDiagram_WinForms", "BifuricationDiagram_WinForms.csproj", "{4E980834-6729-4055-A331-BCAA4DE08FE2}"
EndProject
Global
	GlobalSection(SolutionConfigurationPlatforms) = preSolution
		Debug|Any CPU = Debug|Any CPU
		Release|Any CPU = Release|Any CPU
	EndGlobalSection
	GlobalSection(ProjectConfigurationPlatforms) = postSolution
		{4E980834-6729-4055-A331-BCAA4DE08FE2}.Debug|Any CPU.ActiveCfg = Debug|Any CPU
		{4E980834-6729-4055-A331-BCAA4DE08FE2}.Debug|Any CPU.Build.0 = Debug|Any CPU
		{4E980834-6729-4055-A331-BCAA4DE08FE2}.Release|Any CPU.ActiveCfg = Release|Any CPU
		{4E980834-6729-4055-A331-BCAA4DE08FE2}.Release|Any CPU.Build.0 = Release|Any CPU
	EndGlobalSection
	GlobalSection(SolutionProperties) = preSolution
		HideSolutionNode = FALSE
	EndGlobalSection
	GlobalSection(ExtensibilityGlobals) = postSolution
		SolutionGuid = {0225B52D-2A7B-4460-9851-7FDCE3187A21}
	EndGlobalSection
EndGlobal
